PODS:
  - GPUImage (0.1.7)
  - LXMagicRecordCamera (0.1.2):
    - GPUImage

DEPENDENCIES:
  - LXMagicRecordCamera (from `../`)

EXTERNAL SOURCES:
  LXMagicRecordCamera:
    :path: "../"

SPEC CHECKSUMS:
  GPUImage: 733a5f0fab92df9de1c37ba9df520a833ccb406d
  LXMagicRecordCamera: e5dd9dbbc47e56879f61a93d52f696b4fce54394

PODFILE CHECKSUM: e48aea0a677eb215838d08693ec6a90f9235b30a

COCOAPODS: 1.2.1.beta.1
